
Microsoft Visual Studio Solution File, Format Version 12.00
# Visual Studio Version 17
VisualStudioVersion = 17.3.32804.467
MinimumVisualStudioVersion = 10.0.40219.1
Project("{FAE04EC0-301F-11D3-BF4B-00C04F79EFBC}") = "BuildSharper.Course104.App1", "BuildSharper.Course104.App1\BuildSharper.Course104.App1.csproj", "{5DA225F9-7AE4-42C1-B917-DF19276A114A}"
EndProject
Project("{FAE04EC0-301F-11D3-BF4B-00C04F79EFBC}") = "BuildSharper.Course104.App2", "BuildSharper.Course104.App2\BuildSharper.Course104.App2.csproj", "{694A152A-DFF6-41BE-8589-6798F2005F05}"
EndProject
Global
	GlobalSection(SolutionConfigurationPlatforms) = preSolution
		Debug|Any CPU = Debug|Any CPU
		Release|Any CPU = Release|Any CPU
	EndGlobalSection
	GlobalSection(ProjectConfigurationPlatforms) = postSolution
		{5DA225F9-7AE4-42C1-B917-DF19276A114A}.Debug|Any CPU.ActiveCfg = Debug|Any CPU
		{5DA225F9-7AE4-42C1-B917-DF19276A114A}.Debug|Any CPU.Build.0 = Debug|Any CPU
		{5DA225F9-7AE4-42C1-B917-DF19276A114A}.Release|Any CPU.ActiveCfg = Release|Any CPU
		{5DA225F9-7AE4-42C1-B917-DF19276A114A}.Release|Any CPU.Build.0 = Release|Any CPU
		{694A152A-DFF6-41BE-8589-6798F2005F05}.Debug|Any CPU.ActiveCfg = Debug|Any CPU
		{694A152A-DFF6-41BE-8589-6798F2005F05}.Debug|Any CPU.Build.0 = Debug|Any CPU
		{694A152A-DFF6-41BE-8589-6798F2005F05}.Release|Any CPU.ActiveCfg = Release|Any CPU
		{694A152A-DFF6-41BE-8589-6798F2005F05}.Release|Any CPU.Build.0 = Release|Any CPU
	EndGlobalSection
	GlobalSection(SolutionProperties) = preSolution
		HideSolutionNode = FALSE
	EndGlobalSection
	GlobalSection(ExtensibilityGlobals) = postSolution
		SolutionGuid = {C97D643A-B45B-4985-8EB3-32D2A1DC2B3B}
	EndGlobalSection
EndGlobal
